
Microsoft Visual Studio Solution File, Format Version 12.00
# Visual Studio Version 16
VisualStudioVersion = 16.0.30105.148
MinimumVisualStudioVersion = 10.0.40219.1
Project("{2150E333-8FDC-42A3-9474-1A3956D46DE8}") = "Foundation", "Foundation", "{324D4FE7-86EF-43A2-A466-21198CB856AD}"
EndProject
Project("{2150E333-8FDC-42A3-9474-1A3956D46DE8}") = "Project", "Project", "{94C82DDA-FE0D-4EBF-AEAA-81E13CB07FE5}"
EndProject
Project("{2150E333-8FDC-42A3-9474-1A3956D46DE8}") = "Feature", "Feature", "{F1800335-D16A-4FB6-B213-1885963E283D}"
EndProject
Project("{2150E333-8FDC-42A3-9474-1A3956D46DE8}") = "Sugcon", "Sugcon", "{6D4A03EF-D256-4A40-869E-7CEBB091BDFA}"
EndProject
Project("{9A19103F-16F7-4668-BE54-9A1E7A4F7556}") = "Sugcon.Project.Sugcon.Rendering", "src\Project\Sugcon\rendering\Sugcon.Project.Sugcon.Rendering.csproj", "{6F121EF5-1F34-4400-9AA9-73F836828D74}"
EndProject
Project("{2150E333-8FDC-42A3-9474-1A3956D46DE8}") = "Basic", "Basic", "{CFCA4570-052B-4753-9096-2918BF6B525C}"
EndProject
Project("{9A19103F-16F7-4668-BE54-9A1E7A4F7556}") = "Sugcon.Feature.Basic.Rendering", "src\Feature\BasicRH\rendering\Sugcon.Feature.Basic.Rendering.csproj", "{FC77A248-66AC-407E-86F6-F588A065A045}"
EndProject
Project("{2150E333-8FDC-42A3-9474-1A3956D46DE8}") = "Navigation", "Navigation", "{69F57471-35C9-44C5-8036-47907AF4A683}"
EndProject
Project("{9A19103F-16F7-4668-BE54-9A1E7A4F7556}") = "Sugcon.Feature.Navigation.Rendering", "src\Feature\NavigationRH\rendering\Sugcon.Feature.Navigation.Rendering.csproj", "{8BCF5EE0-1AFE-45EF-A934-D5DB93E6F537}"
EndProject
Project("{2150E333-8FDC-42A3-9474-1A3956D46DE8}") = "Products", "Products", "{0666D57D-E1EB-41E8-842B-0F5C681799E4}"
EndProject
Project("{9A19103F-16F7-4668-BE54-9A1E7A4F7556}") = "Sugcon.Feature.Products.Rendering", "src\Feature\ProductsRH\rendering\Sugcon.Feature.Products.Rendering.csproj", "{5790A166-B3F3-4071-A0E8-EB0F9169F144}"
EndProject
Project("{2150E333-8FDC-42A3-9474-1A3956D46DE8}") = "Services", "Services", "{E2F7C0EE-2474-4190-81D1-76DB25502F58}"
EndProject
Project("{9A19103F-16F7-4668-BE54-9A1E7A4F7556}") = "Sugcon.Feature.Services.Rendering", "src\Feature\ServicesRH\rendering\Sugcon.Feature.Services.Rendering.csproj", "{18FDEFCD-1FC8-4AAD-A9BF-58D88AFC7689}"
EndProject
Project("{2150E333-8FDC-42A3-9474-1A3956D46DE8}") = "Articles", "Articles", "{870B34BC-F775-4ECB-BFFC-208B6D16F60E}"
EndProject
Project("{9A19103F-16F7-4668-BE54-9A1E7A4F7556}") = "Sugcon.Feature.Articles.Rendering", "src\Feature\Articles\rendering\Sugcon.Feature.Articles.Rendering.csproj", "{17FA9BC0-838F-4A91-8452-4965AE34045E}"
EndProject
Project("{2150E333-8FDC-42A3-9474-1A3956D46DE8}") = "GrapheNetor", "GrapheNetor", "{6024AFEE-DF72-428D-BAEE-5CC7F9AE37A2}"
EndProject
Project("{9A19103F-16F7-4668-BE54-9A1E7A4F7556}") = "Sugcon.Foundation.GrapheNetor.Rendering", "src\Foundation\GrapheNetor\rendering\Sugcon.Foundation.GrapheNetor.Rendering.csproj", "{82DC2BE0-CD3C-4AD8-A649-E1ADA6ACF054}"
EndProject
Project("{2150E333-8FDC-42A3-9474-1A3956D46DE8}") = "Caching", "Caching", "{3150E478-A4E1-4D19-A3EA-513985C20815}"
EndProject
Project("{9A19103F-16F7-4668-BE54-9A1E7A4F7556}") = "Sugcon.Foundation.Caching.Rendering", "src\Foundation\Caching\rendering\Sugcon.Foundation.Caching.Rendering.csproj", "{9D508088-CF7D-496C-B9EA-F91FF3777F58}"
EndProject
Project("{2150E333-8FDC-42A3-9474-1A3956D46DE8}") = "Solution Items", "Solution Items", "{479359A2-6370-484B-8BF6-6EA94A99AA7D}"
	ProjectSection(SolutionItems) = preProject
		.editorconfig = .editorconfig
	EndProjectSection
EndProject
Project("{2150E333-8FDC-42A3-9474-1A3956D46DE8}") = "Authors", "Authors", "{BDED4413-DEE1-4237-9F9B-D37411E96AD1}"
EndProject
Project("{9A19103F-16F7-4668-BE54-9A1E7A4F7556}") = "Sugcon.Feature.Authors.Rendering", "src\Feature\AuthorsRH\rendering\Sugcon.Feature.Authors.Rendering.csproj", "{FBEDE659-511B-4F1F-B8C0-6E552477E8E0}"
EndProject
Global
	GlobalSection(SolutionConfigurationPlatforms) = preSolution
		Debug|Any CPU = Debug|Any CPU
		Debug|x64 = Debug|x64
		Debug|x86 = Debug|x86
		Release|Any CPU = Release|Any CPU
		Release|x64 = Release|x64
		Release|x86 = Release|x86
	EndGlobalSection
	GlobalSection(ProjectConfigurationPlatforms) = postSolution
		{6F121EF5-1F34-4400-9AA9-73F836828D74}.Debug|Any CPU.ActiveCfg = Debug|Any CPU
		{6F121EF5-1F34-4400-9AA9-73F836828D74}.Debug|Any CPU.Build.0 = Debug|Any CPU
		{6F121EF5-1F34-4400-9AA9-73F836828D74}.Debug|x64.ActiveCfg = Debug|Any CPU
		{6F121EF5-1F34-4400-9AA9-73F836828D74}.Debug|x64.Build.0 = Debug|Any CPU
		{6F121EF5-1F34-4400-9AA9-73F836828D74}.Debug|x86.ActiveCfg = Debug|Any CPU
		{6F121EF5-1F34-4400-9AA9-73F836828D74}.Debug|x86.Build.0 = Debug|Any CPU
		{6F121EF5-1F34-4400-9AA9-73F836828D74}.Release|Any CPU.ActiveCfg = Release|Any CPU
		{6F121EF5-1F34-4400-9AA9-73F836828D74}.Release|Any CPU.Build.0 = Release|Any CPU
		{6F121EF5-1F34-4400-9AA9-73F836828D74}.Release|x64.ActiveCfg = Release|Any CPU
		{6F121EF5-1F34-4400-9AA9-73F836828D74}.Release|x64.Build.0 = Release|Any CPU
		{6F121EF5-1F34-4400-9AA9-73F836828D74}.Release|x86.ActiveCfg = Release|Any CPU
		{6F121EF5-1F34-4400-9AA9-73F836828D74}.Release|x86.Build.0 = Release|Any CPU
		{FC77A248-66AC-407E-86F6-F588A065A045}.Debug|Any CPU.ActiveCfg = Debug|Any CPU
		{FC77A248-66AC-407E-86F6-F588A065A045}.Debug|Any CPU.Build.0 = Debug|Any CPU
		{FC77A248-66AC-407E-86F6-F588A065A045}.Debug|x64.ActiveCfg = Debug|Any CPU
		{FC77A248-66AC-407E-86F6-F588A065A045}.Debug|x64.Build.0 = Debug|Any CPU
		{FC77A248-66AC-407E-86F6-F588A065A045}.Debug|x86.ActiveCfg = Debug|Any CPU
		{FC77A248-66AC-407E-86F6-F588A065A045}.Debug|x86.Build.0 = Debug|Any CPU
		{FC77A248-66AC-407E-86F6-F588A065A045}.Release|Any CPU.ActiveCfg = Release|Any CPU
		{FC77A248-66AC-407E-86F6-F588A065A045}.Release|Any CPU.Build.0 = Release|Any CPU
		{FC77A248-66AC-407E-86F6-F588A065A045}.Release|x64.ActiveCfg = Release|Any CPU
		{FC77A248-66AC-407E-86F6-F588A065A045}.Release|x64.Build.0 = Release|Any CPU
		{FC77A248-66AC-407E-86F6-F588A065A045}.Release|x86.ActiveCfg = Release|Any CPU
		{FC77A248-66AC-407E-86F6-F588A065A045}.Release|x86.Build.0 = Release|Any CPU
		{8BCF5EE0-1AFE-45EF-A934-D5DB93E6F537}.Debug|Any CPU.ActiveCfg = Debug|Any CPU
		{8BCF5EE0-1AFE-45EF-A934-D5DB93E6F537}.Debug|Any CPU.Build.0 = Debug|Any CPU
		{8BCF5EE0-1AFE-45EF-A934-D5DB93E6F537}.Debug|x64.ActiveCfg = Debug|Any CPU
		{8BCF5EE0-1AFE-45EF-A934-D5DB93E6F537}.Debug|x64.Build.0 = Debug|Any CPU
		{8BCF5EE0-1AFE-45EF-A934-D5DB93E6F537}.Debug|x86.ActiveCfg = Debug|Any CPU
		{8BCF5EE0-1AFE-45EF-A934-D5DB93E6F537}.Debug|x86.Build.0 = Debug|Any CPU
		{8BCF5EE0-1AFE-45EF-A934-D5DB93E6F537}.Release|Any CPU.ActiveCfg = Release|Any CPU
		{8BCF5EE0-1AFE-45EF-A934-D5DB93E6F537}.Release|Any CPU.Build.0 = Release|Any CPU
		{8BCF5EE0-1AFE-45EF-A934-D5DB93E6F537}.Release|x64.ActiveCfg = Release|Any CPU
		{8BCF5EE0-1AFE-45EF-A934-D5DB93E6F537}.Release|x64.Build.0 = Release|Any CPU
		{8BCF5EE0-1AFE-45EF-A934-D5DB93E6F537}.Release|x86.ActiveCfg = Release|Any CPU
		{8BCF5EE0-1AFE-45EF-A934-D5DB93E6F537}.Release|x86.Build.0 = Release|Any CPU
		{5790A166-B3F3-4071-A0E8-EB0F9169F144}.Debug|Any CPU.ActiveCfg = Debug|Any CPU
		{5790A166-B3F3-4071-A0E8-EB0F9169F144}.Debug|Any CPU.Build.0 = Debug|Any CPU
		{5790A166-B3F3-4071-A0E8-EB0F9169F144}.Debug|x64.ActiveCfg = Debug|Any CPU
		{5790A166-B3F3-4071-A0E8-EB0F9169F144}.Debug|x64.Build.0 = Debug|Any CPU
		{5790A166-B3F3-4071-A0E8-EB0F9169F144}.Debug|x86.ActiveCfg = Debug|Any CPU
		{5790A166-B3F3-4071-A0E8-EB0F9169F144}.Debug|x86.Build.0 = Debug|Any CPU
		{5790A166-B3F3-4071-A0E8-EB0F9169F144}.Release|Any CPU.ActiveCfg = Release|Any CPU
		{5790A166-B3F3-4071-A0E8-EB0F9169F144}.Release|Any CPU.Build.0 = Release|Any CPU
		{5790A166-B3F3-4071-A0E8-EB0F9169F144}.Release|x64.ActiveCfg = Release|Any CPU
		{5790A166-B3F3-4071-A0E8-EB0F9169F144}.Release|x64.Build.0 = Release|Any CPU
		{5790A166-B3F3-4071-A0E8-EB0F9169F144}.Release|x86.ActiveCfg = Release|Any CPU
		{5790A166-B3F3-4071-A0E8-EB0F9169F144}.Release|x86.Build.0 = Release|Any CPU
		{18FDEFCD-1FC8-4AAD-A9BF-58D88AFC7689}.Debug|Any CPU.ActiveCfg = Debug|Any CPU
		{18FDEFCD-1FC8-4AAD-A9BF-58D88AFC7689}.Debug|Any CPU.Build.0 = Debug|Any CPU
		{18FDEFCD-1FC8-4AAD-A9BF-58D88AFC7689}.Debug|x64.ActiveCfg = Debug|Any CPU
		{18FDEFCD-1FC8-4AAD-A9BF-58D88AFC7689}.Debug|x64.Build.0 = Debug|Any CPU
		{18FDEFCD-1FC8-4AAD-A9BF-58D88AFC7689}.Debug|x86.ActiveCfg = Debug|Any CPU
		{18FDEFCD-1FC8-4AAD-A9BF-58D88AFC7689}.Debug|x86.Build.0 = Debug|Any CPU
		{18FDEFCD-1FC8-4AAD-A9BF-58D88AFC7689}.Release|Any CPU.ActiveCfg = Release|Any CPU
		{18FDEFCD-1FC8-4AAD-A9BF-58D88AFC7689}.Release|Any CPU.Build.0 = Release|Any CPU
		{18FDEFCD-1FC8-4AAD-A9BF-58D88AFC7689}.Release|x64.ActiveCfg = Release|Any CPU
		{18FDEFCD-1FC8-4AAD-A9BF-58D88AFC7689}.Release|x64.Build.0 = Release|Any CPU
		{18FDEFCD-1FC8-4AAD-A9BF-58D88AFC7689}.Release|x86.ActiveCfg = Release|Any CPU
		{18FDEFCD-1FC8-4AAD-A9BF-58D88AFC7689}.Release|x86.Build.0 = Release|Any CPU
		{17FA9BC0-838F-4A91-8452-4965AE34045E}.Debug|Any CPU.ActiveCfg = Debug|Any CPU
		{17FA9BC0-838F-4A91-8452-4965AE34045E}.Debug|Any CPU.Build.0 = Debug|Any CPU
		{17FA9BC0-838F-4A91-8452-4965AE34045E}.Debug|x64.ActiveCfg = Debug|Any CPU
		{17FA9BC0-838F-4A91-8452-4965AE34045E}.Debug|x64.Build.0 = Debug|Any CPU
		{17FA9BC0-838F-4A91-8452-4965AE34045E}.Debug|x86.ActiveCfg = Debug|Any CPU
		{17FA9BC0-838F-4A91-8452-4965AE34045E}.Debug|x86.Build.0 = Debug|Any CPU
		{17FA9BC0-838F-4A91-8452-4965AE34045E}.Release|Any CPU.ActiveCfg = Release|Any CPU
		{17FA9BC0-838F-4A91-8452-4965AE34045E}.Release|Any CPU.Build.0 = Release|Any CPU
		{17FA9BC0-838F-4A91-8452-4965AE34045E}.Release|x64.ActiveCfg = Release|Any CPU
		{17FA9BC0-838F-4A91-8452-4965AE34045E}.Release|x64.Build.0 = Release|Any CPU
		{17FA9BC0-838F-4A91-8452-4965AE34045E}.Release|x86.ActiveCfg = Release|Any CPU
		{17FA9BC0-838F-4A91-8452-4965AE34045E}.Release|x86.Build.0 = Release|Any CPU
		{82DC2BE0-CD3C-4AD8-A649-E1ADA6ACF054}.Debug|Any CPU.ActiveCfg = Debug|Any CPU
		{82DC2BE0-CD3C-4AD8-A649-E1ADA6ACF054}.Debug|Any CPU.Build.0 = Debug|Any CPU
		{82DC2BE0-CD3C-4AD8-A649-E1ADA6ACF054}.Debug|x64.ActiveCfg = Debug|Any CPU
		{82DC2BE0-CD3C-4AD8-A649-E1ADA6ACF054}.Debug|x64.Build.0 = Debug|Any CPU
		{82DC2BE0-CD3C-4AD8-A649-E1ADA6ACF054}.Debug|x86.ActiveCfg = Debug|Any CPU
		{82DC2BE0-CD3C-4AD8-A649-E1ADA6ACF054}.Debug|x86.Build.0 = Debug|Any CPU
		{82DC2BE0-CD3C-4AD8-A649-E1ADA6ACF054}.Release|Any CPU.ActiveCfg = Release|Any CPU
		{82DC2BE0-CD3C-4AD8-A649-E1ADA6ACF054}.Release|Any CPU.Build.0 = Release|Any CPU
		{82DC2BE0-CD3C-4AD8-A649-E1ADA6ACF054}.Release|x64.ActiveCfg = Release|Any CPU
		{82DC2BE0-CD3C-4AD8-A649-E1ADA6ACF054}.Release|x64.Build.0 = Release|Any CPU
		{82DC2BE0-CD3C-4AD8-A649-E1ADA6ACF054}.Release|x86.ActiveCfg = Release|Any CPU
		{82DC2BE0-CD3C-4AD8-A649-E1ADA6ACF054}.Release|x86.Build.0 = Release|Any CPU
		{9D508088-CF7D-496C-B9EA-F91FF3777F58}.Debug|Any CPU.ActiveCfg = Debug|Any CPU
		{9D508088-CF7D-496C-B9EA-F91FF3777F58}.Debug|Any CPU.Build.0 = Debug|Any CPU
		{9D508088-CF7D-496C-B9EA-F91FF3777F58}.Debug|x64.ActiveCfg = Debug|Any CPU
		{9D508088-CF7D-496C-B9EA-F91FF3777F58}.Debug|x64.Build.0 = Debug|Any CPU
		{9D508088-CF7D-496C-B9EA-F91FF3777F58}.Debug|x86.ActiveCfg = Debug|Any CPU
		{9D508088-CF7D-496C-B9EA-F91FF3777F58}.Debug|x86.Build.0 = Debug|Any CPU
		{9D508088-CF7D-496C-B9EA-F91FF3777F58}.Release|Any CPU.ActiveCfg = Release|Any CPU
		{9D508088-CF7D-496C-B9EA-F91FF3777F58}.Release|Any CPU.Build.0 = Release|Any CPU
		{9D508088-CF7D-496C-B9EA-F91FF3777F58}.Release|x64.ActiveCfg = Release|Any CPU
		{9D508088-CF7D-496C-B9EA-F91FF3777F58}.Release|x64.Build.0 = Release|Any CPU
		{9D508088-CF7D-496C-B9EA-F91FF3777F58}.Release|x86.ActiveCfg = Release|Any CPU
		{9D508088-CF7D-496C-B9EA-F91FF3777F58}.Release|x86.Build.0 = Release|Any CPU
		{FBEDE659-511B-4F1F-B8C0-6E552477E8E0}.Debug|Any CPU.ActiveCfg = Debug|Any CPU
		{FBEDE659-511B-4F1F-B8C0-6E552477E8E0}.Debug|Any CPU.Build.0 = Debug|Any CPU
		{FBEDE659-511B-4F1F-B8C0-6E552477E8E0}.Debug|x64.ActiveCfg = Debug|Any CPU
		{FBEDE659-511B-4F1F-B8C0-6E552477E8E0}.Debug|x64.Build.0 = Debug|Any CPU
		{FBEDE659-511B-4F1F-B8C0-6E552477E8E0}.Debug|x86.ActiveCfg = Debug|Any CPU
		{FBEDE659-511B-4F1F-B8C0-6E552477E8E0}.Debug|x86.Build.0 = Debug|Any CPU
		{FBEDE659-511B-4F1F-B8C0-6E552477E8E0}.Release|Any CPU.ActiveCfg = Release|Any CPU
		{FBEDE659-511B-4F1F-B8C0-6E552477E8E0}.Release|Any CPU.Build.0 = Release|Any CPU
		{FBEDE659-511B-4F1F-B8C0-6E552477E8E0}.Release|x64.ActiveCfg = Release|Any CPU
		{FBEDE659-511B-4F1F-B8C0-6E552477E8E0}.Release|x64.Build.0 = Release|Any CPU
		{FBEDE659-511B-4F1F-B8C0-6E552477E8E0}.Release|x86.ActiveCfg = Release|Any CPU
		{FBEDE659-511B-4F1F-B8C0-6E552477E8E0}.Release|x86.Build.0 = Release|Any CPU
	EndGlobalSection
	GlobalSection(SolutionProperties) = preSolution
		HideSolutionNode = FALSE
	EndGlobalSection
	GlobalSection(NestedProjects) = preSolution
		{6D4A03EF-D256-4A40-869E-7CEBB091BDFA} = {94C82DDA-FE0D-4EBF-AEAA-81E13CB07FE5}
		{6F121EF5-1F34-4400-9AA9-73F836828D74} = {6D4A03EF-D256-4A40-869E-7CEBB091BDFA}
		{CFCA4570-052B-4753-9096-2918BF6B525C} = {F1800335-D16A-4FB6-B213-1885963E283D}
		{FC77A248-66AC-407E-86F6-F588A065A045} = {CFCA4570-052B-4753-9096-2918BF6B525C}
		{69F57471-35C9-44C5-8036-47907AF4A683} = {F1800335-D16A-4FB6-B213-1885963E283D}
		{8BCF5EE0-1AFE-45EF-A934-D5DB93E6F537} = {69F57471-35C9-44C5-8036-47907AF4A683}
		{0666D57D-E1EB-41E8-842B-0F5C681799E4} = {F1800335-D16A-4FB6-B213-1885963E283D}
		{5790A166-B3F3-4071-A0E8-EB0F9169F144} = {0666D57D-E1EB-41E8-842B-0F5C681799E4}
		{E2F7C0EE-2474-4190-81D1-76DB25502F58} = {F1800335-D16A-4FB6-B213-1885963E283D}
		{18FDEFCD-1FC8-4AAD-A9BF-58D88AFC7689} = {E2F7C0EE-2474-4190-81D1-76DB25502F58}
		{870B34BC-F775-4ECB-BFFC-208B6D16F60E} = {F1800335-D16A-4FB6-B213-1885963E283D}
		{17FA9BC0-838F-4A91-8452-4965AE34045E} = {870B34BC-F775-4ECB-BFFC-208B6D16F60E}
		{6024AFEE-DF72-428D-BAEE-5CC7F9AE37A2} = {324D4FE7-86EF-43A2-A466-21198CB856AD}
		{82DC2BE0-CD3C-4AD8-A649-E1ADA6ACF054} = {6024AFEE-DF72-428D-BAEE-5CC7F9AE37A2}
		{3150E478-A4E1-4D19-A3EA-513985C20815} = {324D4FE7-86EF-43A2-A466-21198CB856AD}
		{9D508088-CF7D-496C-B9EA-F91FF3777F58} = {3150E478-A4E1-4D19-A3EA-513985C20815}
		{BDED4413-DEE1-4237-9F9B-D37411E96AD1} = {F1800335-D16A-4FB6-B213-1885963E283D}
		{FBEDE659-511B-4F1F-B8C0-6E552477E8E0} = {BDED4413-DEE1-4237-9F9B-D37411E96AD1}
	EndGlobalSection
	GlobalSection(ExtensibilityGlobals) = postSolution
		SolutionGuid = {F3377439-FD7A-4F3E-8011-06175E0E3100}
	EndGlobalSection
EndGlobal
